
Microsoft Visual Studio Solution File, Format Version 12.00
# Visual Studio Version 17
VisualStudioVersion = 17.8.34408.163
MinimumVisualStudioVersion = 10.0.40219.1
Project("{FAE04EC0-301F-11D3-BF4B-00C04F79EFBC}") = "Workaround", "Workaround\Workaround.csproj", "{1D78F8A5-E031-4FE8-BF5A-722B78F1FC12}"
EndProject
Project("{FAE04EC0-301F-11D3-BF4B-00C04F79EFBC}") = "Entities", "Entities\Entities.csproj", "{442F79A1-3DB6-4A08-8041-2A1BA58F50FB}"
EndProject
Project("{FAE04EC0-301F-11D3-BF4B-00C04F79EFBC}") = "Business", "Business\Business.csproj", "{77DA2388-23A3-45BE-8329-51C5FEE3C570}"
EndProject
Global
	GlobalSection(SolutionConfigurationPlatforms) = preSolution
		Debug|Any CPU = Debug|Any CPU
		Release|Any CPU = Release|Any CPU
	EndGlobalSection
	GlobalSection(ProjectConfigurationPlatforms) = postSolution
		{1D78F8A5-E031-4FE8-BF5A-722B78F1FC12}.Debug|Any CPU.ActiveCfg = Debug|Any CPU
		{1D78F8A5-E031-4FE8-BF5A-722B78F1FC12}.Debug|Any CPU.Build.0 = Debug|Any CPU
		{1D78F8A5-E031-4FE8-BF5A-722B78F1FC12}.Release|Any CPU.ActiveCfg = Release|Any CPU
		{1D78F8A5-E031-4FE8-BF5A-722B78F1FC12}.Release|Any CPU.Build.0 = Release|Any CPU
		{442F79A1-3DB6-4A08-8041-2A1BA58F50FB}.Debug|Any CPU.ActiveCfg = Debug|Any CPU
		{442F79A1-3DB6-4A08-8041-2A1BA58F50FB}.Debug|Any CPU.Build.0 = Debug|Any CPU
		{442F79A1-3DB6-4A08-8041-2A1BA58F50FB}.Release|Any CPU.ActiveCfg = Release|Any CPU
		{442F79A1-3DB6-4A08-8041-2A1BA58F50FB}.Release|Any CPU.Build.0 = Release|Any CPU
		{77DA2388-23A3-45BE-8329-51C5FEE3C570}.Debug|Any CPU.ActiveCfg = Debug|Any CPU
		{77DA2388-23A3-45BE-8329-51C5FEE3C570}.Debug|Any CPU.Build.0 = Debug|Any CPU
		{77DA2388-23A3-45BE-8329-51C5FEE3C570}.Release|Any CPU.ActiveCfg = Release|Any CPU
		{77DA2388-23A3-45BE-8329-51C5FEE3C570}.Release|Any CPU.Build.0 = Release|Any CPU
	EndGlobalSection
	GlobalSection(SolutionProperties) = preSolution
		HideSolutionNode = FALSE
	EndGlobalSection
	GlobalSection(ExtensibilityGlobals) = postSolution
		SolutionGuid = {E7BCE0BB-FBF9-455E-9903-8A99AB8A5D81}
	EndGlobalSection
EndGlobal
